
Microsoft Visual Studio Solution File, Format Version 12.00
# Visual Studio Version 17
VisualStudioVersion = 17.8.34330.188
MinimumVisualStudioVersion = 10.0.40219.1
Project("{9A19103F-16F7-4668-BE54-9A1E7A4F7556}") = "EuroKatilai", "EuroKatilai\EuroKatilai.csproj", "{AAD47388-6F32-43A7-9847-10D860CA0E1B}"
EndProject
Project("{9A19103F-16F7-4668-BE54-9A1E7A4F7556}") = "EuroTest", "EuroTest\EuroTest.csproj", "{CF2A9244-9C89-4241-B71A-6ACA65F0B36F}"
EndProject
Project("{9A19103F-16F7-4668-BE54-9A1E7A4F7556}") = "DAL", "DAL\DAL.csproj", "{2D2EC69F-8673-4FDA-ACA4-E61889EE38EE}"
EndProject
Project("{9A19103F-16F7-4668-BE54-9A1E7A4F7556}") = "BL", "BL\BL.csproj", "{EAD905B2-830B-4CE5-8791-90BACBE1EB8A}"
EndProject
Global
	GlobalSection(SolutionConfigurationPlatforms) = preSolution
		Debug|Any CPU = Debug|Any CPU
		Release|Any CPU = Release|Any CPU
	EndGlobalSection
	GlobalSection(ProjectConfigurationPlatforms) = postSolution
		{AAD47388-6F32-43A7-9847-10D860CA0E1B}.Debug|Any CPU.ActiveCfg = Debug|Any CPU
		{AAD47388-6F32-43A7-9847-10D860CA0E1B}.Debug|Any CPU.Build.0 = Debug|Any CPU
		{AAD47388-6F32-43A7-9847-10D860CA0E1B}.Release|Any CPU.ActiveCfg = Release|Any CPU
		{AAD47388-6F32-43A7-9847-10D860CA0E1B}.Release|Any CPU.Build.0 = Release|Any CPU
		{CF2A9244-9C89-4241-B71A-6ACA65F0B36F}.Debug|Any CPU.ActiveCfg = Debug|Any CPU
		{CF2A9244-9C89-4241-B71A-6ACA65F0B36F}.Debug|Any CPU.Build.0 = Debug|Any CPU
		{CF2A9244-9C89-4241-B71A-6ACA65F0B36F}.Release|Any CPU.ActiveCfg = Release|Any CPU
		{CF2A9244-9C89-4241-B71A-6ACA65F0B36F}.Release|Any CPU.Build.0 = Release|Any CPU
		{2D2EC69F-8673-4FDA-ACA4-E61889EE38EE}.Debug|Any CPU.ActiveCfg = Debug|Any CPU
		{2D2EC69F-8673-4FDA-ACA4-E61889EE38EE}.Debug|Any CPU.Build.0 = Debug|Any CPU
		{2D2EC69F-8673-4FDA-ACA4-E61889EE38EE}.Release|Any CPU.ActiveCfg = Release|Any CPU
		{2D2EC69F-8673-4FDA-ACA4-E61889EE38EE}.Release|Any CPU.Build.0 = Release|Any CPU
		{EAD905B2-830B-4CE5-8791-90BACBE1EB8A}.Debug|Any CPU.ActiveCfg = Debug|Any CPU
		{EAD905B2-830B-4CE5-8791-90BACBE1EB8A}.Debug|Any CPU.Build.0 = Debug|Any CPU
		{EAD905B2-830B-4CE5-8791-90BACBE1EB8A}.Release|Any CPU.ActiveCfg = Release|Any CPU
		{EAD905B2-830B-4CE5-8791-90BACBE1EB8A}.Release|Any CPU.Build.0 = Release|Any CPU
	EndGlobalSection
	GlobalSection(SolutionProperties) = preSolution
		HideSolutionNode = FALSE
	EndGlobalSection
	GlobalSection(ExtensibilityGlobals) = postSolution
		SolutionGuid = {12487B96-96E5-437E-BB98-27FE117EE5EF}
	EndGlobalSection
EndGlobal
